
Microsoft Visual Studio Solution File, Format Version 12.00
# Visual Studio Version 17
VisualStudioVersion = 17.14.36203.30
MinimumVisualStudioVersion = 10.0.40219.1
Project("{FAE04EC0-301F-11D3-BF4B-00C04F79EFBC}") = "Question1_Async&Parallel", "Question1_Async&Parallel\Question1_Async&Parallel.csproj", "{DF8B2AA9-8E4B-6F38-14F9-C9D0C1E1A643}"
EndProject
Project("{FAE04EC0-301F-11D3-BF4B-00C04F79EFBC}") = "Question2_WPF", "Question2_WPF\Question2_WPF.csproj", "{D20F53B5-A739-4D3A-A3DF-7ACC7A1FF4A9}"
EndProject
Global
	GlobalSection(SolutionConfigurationPlatforms) = preSolution
		Debug|Any CPU = Debug|Any CPU
		Release|Any CPU = Release|Any CPU
	EndGlobalSection
	GlobalSection(ProjectConfigurationPlatforms) = postSolution
		{DF8B2AA9-8E4B-6F38-14F9-C9D0C1E1A643}.Debug|Any CPU.ActiveCfg = Debug|Any CPU
		{DF8B2AA9-8E4B-6F38-14F9-C9D0C1E1A643}.Debug|Any CPU.Build.0 = Debug|Any CPU
		{DF8B2AA9-8E4B-6F38-14F9-C9D0C1E1A643}.Release|Any CPU.ActiveCfg = Release|Any CPU
		{DF8B2AA9-8E4B-6F38-14F9-C9D0C1E1A643}.Release|Any CPU.Build.0 = Release|Any CPU
		{D20F53B5-A739-4D3A-A3DF-7ACC7A1FF4A9}.Debug|Any CPU.ActiveCfg = Debug|Any CPU
		{D20F53B5-A739-4D3A-A3DF-7ACC7A1FF4A9}.Debug|Any CPU.Build.0 = Debug|Any CPU
		{D20F53B5-A739-4D3A-A3DF-7ACC7A1FF4A9}.Release|Any CPU.ActiveCfg = Release|Any CPU
		{D20F53B5-A739-4D3A-A3DF-7ACC7A1FF4A9}.Release|Any CPU.Build.0 = Release|Any CPU
	EndGlobalSection
	GlobalSection(SolutionProperties) = preSolution
		HideSolutionNode = FALSE
	EndGlobalSection
	GlobalSection(ExtensibilityGlobals) = postSolution
		SolutionGuid = {6EEA1A0E-DE17-49BB-8F33-6AA623926447}
	EndGlobalSection
EndGlobal
